
Microsoft Visual Studio Solution File, Format Version 12.00
# Visual Studio Version 17
VisualStudioVersion = 17.3.32929.385
MinimumVisualStudioVersion = 10.0.40219.1
Project("{FAE04EC0-301F-11D3-BF4B-00C04F79EFBC}") = "HelloWpfApp", "HelloWpfApp.csproj", "{CA196278-15F7-4D2A-93E1-6AB475747529}"
EndProject
Global
	GlobalSection(SolutionConfigurationPlatforms) = preSolution
		Debug|Any CPU = Debug|Any CPU
		Release|Any CPU = Release|Any CPU
	EndGlobalSection
	GlobalSection(ProjectConfigurationPlatforms) = postSolution
		{CA196278-15F7-4D2A-93E1-6AB475747529}.Debug|Any CPU.ActiveCfg = Release|Any CPU
		{CA196278-15F7-4D2A-93E1-6AB475747529}.Debug|Any CPU.Build.0 = Release|Any CPU
		{CA196278-15F7-4D2A-93E1-6AB475747529}.Release|Any CPU.ActiveCfg = Release|Any CPU
		{CA196278-15F7-4D2A-93E1-6AB475747529}.Release|Any CPU.Build.0 = Release|Any CPU
	EndGlobalSection
	GlobalSection(SolutionProperties) = preSolution
		HideSolutionNode = FALSE
	EndGlobalSection
	GlobalSection(ExtensibilityGlobals) = postSolution
		SolutionGuid = {A0C1D388-9F13-4607-8DA4-C614135EAF7F}
	EndGlobalSection
EndGlobal
